// !$*UTF8*$!
{
	archiveVersion = 1;
	classes = {
	};
	objectVersion = 48;
	objects = {

/* Begin PBXBuildFile section */
		53805A7D1F29DF9F002C318B /* AppDelegate.swift in Sources */ = {isa = PBXBuildFile; fileRef = 53805A7C1F29DF9F002C318B /* AppDelegate.swift */; };
		53805A7F1F29DFA0002C318B /* art.scnassets in Resources */ = {isa = PBXBuildFile; fileRef = 53805A7E1F29DFA0002C318B /* art.scnassets */; };
		53805A811F29DFA0002C318B /* ViewController.swift in Sources */ = {isa = PBXBuildFile; fileRef = 53805A801F29DFA0002C318B /* ViewController.swift */; };
		53805A841F29DFA0002C318B /* Main.storyboard in Resources */ = {isa = PBXBuildFile; fileRef = 53805A821F29DFA0002C318B /* Main.storyboard */; };
		53805A861F29DFA0002C318B /* Assets.xcassets in Resources */ = {isa = PBXBuildFile; fileRef = 53805A851F29DFA0002C318B /* Assets.xcassets */; };
		53805A891F29DFA1002C318B /* LaunchScreen.storyboard in Resources */ = {isa = PBXBuildFile; fileRef = 53805A871F29DFA1002C318B /* LaunchScreen.storyboard */; };
/* End PBXBuildFile section */

/* Begin PBXFileReference section */
		53805A791F29DF9F002C318B /* ARGalaxyDemo.app */ = {isa = PBXFileReference; explicitFileType = wrapper.application; includeInIndex = 0; path = ARGalaxyDemo.app; sourceTree = BUILT_PRODUCTS_DIR; };
		53805A7C1F29DF9F002C318B /* AppDelegate.swift */ = {isa = PBXFileReference; lastKnownFileType = sourcecode.swift; path = AppDelegate.swift; sourceTree = "<group>"; };
		53805A7E1F29DFA0002C318B /* art.scnassets */ = {isa = PBXFileReference; lastKnownFileType = wrapper.scnassets; path = art.scnassets; sourceTree = "<group>"; };
		53805A801F29DFA0002C318B /* ViewController.swift */ = {isa = PBXFileReference; lastKnownFileType = sourcecode.swift; path = ViewController.swift; sourceTree = "<group>"; };
		53805A831F29DFA0002C318B /* Base */ = {isa = PBXFileReference; lastKnownFileType = file.storyboard; name = Base; path = Base.lproj/Main.storyboard; sourceTree = "<group>"; };
		53805A851F29DFA0002C318B /* Assets.xcassets */ = {isa = PBXFileReference; lastKnownFileType = folder.assetcatalog; path = Assets.xcassets; sourceTree = "<group>"; };
		53805A881F29DFA1002C318B /* Base */ = {isa = PBXFileReference; lastKnownFileType = file.storyboard; name = Base; path = Base.lproj/LaunchScreen.storyboard; sourceTree = "<group>"; };
		53805A8A1F29DFA1002C318B /* Info.plist */ = {isa = PBXFileReference; lastKnownFileType = text.plist.xml; path = Info.plist; sourceTree = "<group>"; };
/* End PBXFileReference section */

/* Begin PBXFrameworksBuildPhase section */
		53805A761F29DF9F002C318B /* Frameworks */ = {
			isa = PBXFrameworksBuildPhase;
			buildActionMask = 2147483647;
			files = (
			);
			runOnlyForDeploymentPostprocessing = 0;
		};
/* End PBXFrameworksBuildPhase section */

/* Begin PBXGroup section */
		53805A701F29DF9F002C318B = {
			isa = PBXGroup;
			children = (
				53805A7B1F29DF9F002C318B /* ARGalaxyDemo */,
				53805A7A1F29DF9F002C318B /* Products */,
			);
			sourceTree = "<group>";
		};
		53805A7A1F29DF9F002C318B /* Products */ = {
			isa = PBXGroup;
			children = (
				53805A791F29DF9F002C318B /* ARGalaxyDemo.app */,
			);
			name = Products;
			sourceTree = "<group>";
		};
		53805A7B1F29DF9F002C318B /* ARGalaxyDemo */ = {
			isa = PBXGroup;
			children = (
				53805A7C1F29DF9F002C318B /* AppDelegate.swift */,
				53805A7E1F29DFA0002C318B /* art.scnassets */,
				53805A801F29DFA0002C318B /* ViewController.swift */,
				53805A821F29DFA0002C318B /* Main.storyboard */,
				53805A851F29DFA0002C318B /* Assets.xcassets */,
				53805A871F29DFA1002C318B /* LaunchScreen.storyboard */,
				53805A8A1F29DFA1002C318B /* Info.plist */,
			);
			path = ARGalaxyDemo;
			sourceTree = "<group>";
		};
/* End PBXGroup section */

/* Begin PBXNativeTarget section */
		53805A781F29DF9F002C318B /* ARGalaxyDemo */ = {
			isa = PBXNativeTarget;
			buildConfigurationList = 53805A8D1F29DFA1002C318B /* Build configuration list for PBXNativeTarget "ARGalaxyDemo" */;
			buildPhases = (
				53805A751F29DF9F002C318B /* Sources */,
				53805A761F29DF9F002C318B /* Frameworks */,
				53805A771F29DF9F002C318B /* Resources */,
			);
			buildRules = (
			);
			dependencies = (
			);
			name = ARGalaxyDemo;
			productName = ARGalaxyDemo;
			productReference = 53805A791F29DF9F002C318B /* ARGalaxyDemo.app */;
			productType = "com.apple.product-type.application";
		};
/* End PBXNativeTarget section */

/* Begin PBXProject section */
		53805A711F29DF9F002C318B /* Project object */ = {
			isa = PBXProject;
			attributes = {
				LastSwiftUpdateCheck = 0900;
				LastUpgradeCheck = 0900;
				ORGANIZATIONNAME = iGhibli;
				TargetAttributes = {
					53805A781F29DF9F002C318B = {
						CreatedOnToolsVersion = 9.0;
					};
				};
			};
			buildConfigurationList = 53805A741F29DF9F002C318B /* Build configuration list for PBXProject "ARGalaxyDemo" */;
			compatibilityVersion = "Xcode 8.0";
			developmentRegion = en;
			hasScannedForEncodings = 0;
			knownRegions = (
				en,
				Base,
			);
			mainGroup = 53805A701F29DF9F002C318B;
			productRefGroup = 53805A7A1F29DF9F002C318B /* Products */;
			projectDirPath = "";
			projectRoot = "";
			targets = (
				53805A781F29DF9F002C318B /* ARGalaxyDemo */,
			);
		};
/* End PBXProject section */

/* Begin PBXResourcesBuildPhase section */
		53805A771F29DF9F002C318B /* Resources */ = {
			isa = PBXResourcesBuildPhase;
			buildActionMask = 2147483647;
			files = (
				53805A7F1F29DFA0002C318B /* art.scnassets in Resources */,
				53805A891F29DFA1002C318B /* LaunchScreen.storyboard in Resources */,
				53805A861F29DFA0002C318B /* Assets.xcassets in Resources */,
				53805A841F29DFA0002C318B /* Main.storyboard in Resources */,
			);
			runOnlyForDeploymentPostprocessing = 0;
		};
/* End PBXResourcesBuildPhase section */

/* Begin PBXSourcesBuildPhase section */
		53805A751F29DF9F002C318B /* Sources */ = {
			isa = PBXSourcesBuildPhase;
			buildActionMask = 2147483647;
			files = (
				53805A811F29DFA0002C318B /* ViewController.swift in Sources */,
				53805A7D1F29DF9F002C318B /* AppDelegate.swift in Sources */,
			);
			runOnlyForDeploymentPostprocessing = 0;
		};
/* End PBXSourcesBuildPhase section */

/* Begin PBXVariantGroup section */
		53805A821F29DFA0002C318B /* Main.storyboard */ = {
			isa = PBXVariantGroup;
			children = (
				53805A831F29DFA0002C318B /* Base */,
			);
			name = Main.storyboard;
			sourceTree = "<group>";
		};
		53805A871F29DFA1002C318B /* LaunchScreen.storyboard */ = {
			isa = PBXVariantGroup;
			children = (
				53805A881F29DFA1002C318B /* Base */,
			);
			name = LaunchScreen.storyboard;
			sourceTree = "<group>";
		};
/* End PBXVariantGroup section */

/* Begin XCBuildConfiguration section */
		53805A8B1F29DFA1002C318B /* Debug */ = {
			isa = XCBuildConfiguration;
			buildSettings = {
				ALWAYS_SEARCH_USER_PATHS = NO;
				CLANG_ANALYZER_NONNULL = YES;
				CLANG_ANALYZER_NUMBER_OBJECT_CONVERSION = YES_AGGRESSIVE;
				CLANG_CXX_LANGUAGE_STANDARD = "gnu++14";
				CLANG_CXX_LIBRARY = "libc++";
				CLANG_ENABLE_MODULES = YES;
				CLANG_ENABLE_OBJC_ARC = YES;
				CLANG_WARN_BLOCK_CAPTURE_AUTORELEASING = YES;
				CLANG_WARN_BOOL_CONVERSION = YES;
				CLANG_WARN_COMMA = YES;
				CLANG_WARN_CONSTANT_CONVERSION = YES;
				CLANG_WARN_DIRECT_OBJC_ISA_USAGE = YES_ERROR;
				CLANG_WARN_DOCUMENTATION_COMMENTS = YES;
				CLANG_WARN_EMPTY_BODY = YES;
				CLANG_WARN_ENUM_CONVERSION = YES;
				CLANG_WARN_INFINITE_RECURSION = YES;
				CLANG_WARN_INT_CONVERSION = YES;
				CLANG_WARN_NON_LITERAL_NULL_CONVERSION = YES;
				CLANG_WARN_OBJC_LITERAL_CONVERSION = YES;
				CLANG_WARN_OBJC_ROOT_CLASS = YES_ERROR;
				CLANG_WARN_RANGE_LOOP_ANALYSIS = YES;
				CLANG_WARN_STRICT_PROTOTYPES = YES;
				CLANG_WARN_SUSPICIOUS_MOVE = YES;
				CLANG_WARN_UNGUARDED_AVAILABILITY = YES_AGGRESSIVE;
				CLANG_WARN_UNREACHABLE_CODE = YES;
				CLANG_WARN__DUPLICATE_METHOD_MATCH = YES;
				CODE_SIGN_IDENTITY = "iPhone Developer";
				COPY_PHASE_STRIP = NO;
				DEBUG_INFORMATION_FORMAT = dwarf;
				ENABLE_STRICT_OBJC_MSGSEND = YES;
				ENABLE_TESTABILITY = YES;
				GCC_C_LANGUAGE_STANDARD = gnu11;
				GCC_DYNAMIC_NO_PIC = NO;
				GCC_NO_COMMON_BLOCKS = YES;
				GCC_OPTIMIZATION_LEVEL = 0;
				GCC_PREPROCESSOR_DEFINITIONS = (
					"DEBUG=1",
					"$(inherited)",
				);
				GCC_WARN_64_TO_32_BIT_CONVERSION = YES;
				GCC_WARN_ABOUT_RETURN_TYPE = YES_ERROR;
				GCC_WARN_UNDECLARED_SELECTOR = YES;
				GCC_WARN_UNINITIALIZED_AUTOS = YES_AGGRESSIVE;
				GCC_WARN_UNUSED_FUNCTION = YES;
				GCC_WARN_UNUSED_VARIABLE = YES;
				IPHONEOS_DEPLOYMENT_TARGET = 11.0;
				MTL_ENABLE_DEBUG_INFO = YES;
				ONLY_ACTIVE_ARCH = YES;
				SDKROOT = iphoneos;
				SWIFT_ACTIVE_COMPILATION_CONDITIONS = DEBUG;
				SWIFT_OPTIMIZATION_LEVEL = "-Onone";
			};
			name = Debug;
		};
		53805A8C1F29DFA1002C318B /* Release */ = {
			isa = XCBuildConfiguration;
			buildSettings = {
				ALWAYS_SEARCH_USER_PATHS = NO;
				CLANG_ANALYZER_NONNULL = YES;
				CLANG_ANALYZER_NUMBER_OBJECT_CONVERSION = YES_AGGRESSIVE;
				CLANG_CXX_LANGUAGE_STANDARD = "gnu++14";
				CLANG_CXX_LIBRARY = "libc++";
				CLANG_ENABLE_MODULES = YES;
				CLANG_ENABLE_OBJC_ARC = YES;
				CLANG_WARN_BLOCK_CAPTURE_AUTORELEASING = YES;
				CLANG_WARN_BOOL_CONVERSION = YES;
				CLANG_WARN_COMMA = YES;
				CLANG_WARN_CONSTANT_CONVERSION = YES;
				CLANG_WARN_DIRECT_OBJC_ISA_USAGE = YES_ERROR;
				CLANG_WARN_DOCUMENTATION_COMMENTS = YES;
				CLANG_WARN_EMPTY_BODY = YES;
				CLANG_WARN_ENUM_CONVERSION = YES;
				CLANG_WARN_INFINITE_RECURSION = YES;
				CLANG_WARN_INT_CONVERSION = YES;
				CLANG_WARN_NON_LITERAL_NULL_CONVERSION = YES;
				CLANG_WARN_OBJC_LITERAL_CONVERSION = YES;
				CLANG_WARN_OBJC_ROOT_CLASS = YES_ERROR;
				CLANG_WARN_RANGE_LOOP_ANALYSIS = YES;
				CLANG_WARN_STRICT_PROTOTYPES = YES;
				CLANG_WARN_SUSPICIOUS_MOVE = YES;
				CLANG_WARN_UNGUARDED_AVAILABILITY = YES_AGGRESSIVE;
				CLANG_WARN_UNREACHABLE_CODE = YES;
				CLANG_WARN__DUPLICATE_METHOD_MATCH = YES;
				CODE_SIGN_IDENTITY = "iPhone Developer";
				COPY_PHASE_STRIP = NO;
				DEBUG_INFORMATION_FORMAT = "dwarf-with-dsym";
				ENABLE_NS_ASSERTIONS = NO;
				ENABLE_STRICT_OBJC_MSGSEND = YES;
				GCC_C_LANGUAGE_STANDARD = gnu11;
				GCC_NO_COMMON_BLOCKS = YES;
				GCC_WARN_64_TO_32_BIT_CONVERSION = YES;
				GCC_WARN_ABOUT_RETURN_TYPE = YES_ERROR;
				GCC_WARN_UNDECLARED_SELECTOR = YES;
				GCC_WARN_UNINITIALIZED_AUTOS = YES_AGGRESSIVE;
				GCC_WARN_UNUSED_FUNCTION = YES;
				GCC_WARN_UNUSED_VARIABLE = YES;
				IPHONEOS_DEPLOYMENT_TARGET = 11.0;
				MTL_ENABLE_DEBUG_INFO = NO;
				SDKROOT = iphoneos;
				SWIFT_OPTIMIZATION_LEVEL = "-Owholemodule";
				VALIDATE_PRODUCT = YES;
			};
			name = Release;
		};
		53805A8E1F29DFA1002C318B /* Debug */ = {
			isa = XCBuildConfiguration;
			buildSettings = {
				ASSETCATALOG_COMPILER_APPICON_NAME = AppIcon;
				DEVELOPMENT_TEAM = V28CMPT7BE;
				INFOPLIST_FILE = ARGalaxyDemo/Info.plist;
				LD_RUNPATH_SEARCH_PATHS = "$(inherited) @executable_path/Frameworks";
				PRODUCT_BUNDLE_IDENTIFIER = com.rccx.ARDemo;
				PRODUCT_NAME = "$(TARGET_NAME)";
				SWIFT_VERSION = 4.0;
				TARGETED_DEVICE_FAMILY = "1,2";
			};
			name = Debug;
		};
		53805A8F1F29DFA1002C318B /* Release */ = {
			isa = XCBuildConfiguration;
			buildSettings = {
				ASSETCATALOG_COMPILER_APPICON_NAME = AppIcon;
				DEVELOPMENT_TEAM = V28CMPT7BE;
				INFOPLIST_FILE = ARGalaxyDemo/Info.plist;
				LD_RUNPATH_SEARCH_PATHS = "$(inherited) @executable_path/Frameworks";
				PRODUCT_BUNDLE_IDENTIFIER = com.rccx.ARDemo;
				PRODUCT_NAME = "$(TARGET_NAME)";
				SWIFT_VERSION = 4.0;
				TARGETED_DEVICE_FAMILY = "1,2";
			};
			name = Release;
		};
/* End XCBuildConfiguration section */

/* Begin XCConfigurationList section */
		53805A741F29DF9F002C318B /* Build configuration list for PBXProject "ARGalaxyDemo" */ = {
			isa = XCConfigurationList;
			buildConfigurations = (
				53805A8B1F29DFA1002C318B /* Debug */,
				53805A8C1F29DFA1002C318B /* Release */,
			);
			defaultConfigurationIsVisible = 0;
			defaultConfigurationName = Release;
		};
		53805A8D1F29DFA1002C318B /* Build configuration list for PBXNativeTarget "ARGalaxyDemo" */ = {
			isa = XCConfigurationList;
			buildConfigurations = (
				53805A8E1F29DFA1002C318B /* Debug */,
				53805A8F1F29DFA1002C318B /* Release */,
			);
			defaultConfigurationIsVisible = 0;
			defaultConfigurationName = Release;
		};
/* End XCConfigurationList section */
	};
	rootObject = 53805A711F29DF9F002C318B /* Project object */;
}
